---
lockVersion: 1.0.0
dependencies:
  codeql/dataflow:
    version: 0.1.5
  codeql/go-all:
    version: 0.7.5
  codeql/mad:
    version: 0.2.5
  codeql/ssa:
    version: 0.2.5
  codeql/tutorial:
    version: 0.2.5
  codeql/typetracking:
    version: 0.2.5
  codeql/util:
    version: 0.2.5
compiled: false
